// !$*UTF8*$!
{
	archiveVersion = 1;
	classes = {
	};
	objectVersion = 46;
	objects = {

/* Begin PBXGroup section */
		01DB0C0C1A8AC04F000FDFDA = {
			isa = PBXGroup;
			children = (
			);
			sourceTree = "<group>";
		};
/* End PBXGroup section */

/* Begin PBXProject section */
		01DB0C0D1A8AC04F000FDFDA /* Project object */ = {
			isa = PBXProject;
			attributes = {
				LastUpgradeCheck = 0610;
			};
			buildConfigurationList = 01DB0C101A8AC04F000FDFDA /* Build configuration list for PBXProject "Energia" */;
			compatibilityVersion = "Xcode 3.2";
			developmentRegion = English;
			hasScannedForEncodings = 0;
			knownRegions = (
				en,
			);
			mainGroup = 01DB0C0C1A8AC04F000FDFDA;
			projectDirPath = "";
			projectRoot = "";
			targets = (
			);
		};
/* End PBXProject section */

/* Begin XCBuildConfiguration section */
		01DB0C111A8AC04F000FDFDA /* Debug */ = {
			isa = XCBuildConfiguration;
			buildSettings = {
			};
			name = Debug;
		};
		01DB0C121A8AC04F000FDFDA /* Release */ = {
			isa = XCBuildConfiguration;
			buildSettings = {
			};
			name = Release;
		};
/* End XCBuildConfiguration section */

/* Begin XCConfigurationList section */
		01DB0C101A8AC04F000FDFDA /* Build configuration list for PBXProject "Energia" */ = {
			isa = XCConfigurationList;
			buildConfigurations = (
				01DB0C111A8AC04F000FDFDA /* Debug */,
				01DB0C121A8AC04F000FDFDA /* Release */,
			);
			defaultConfigurationIsVisible = 0;
			defaultConfigurationName = Release;
		};
/* End XCConfigurationList section */
	};
	rootObject = 01DB0C0D1A8AC04F000FDFDA /* Project object */;
}
